
Microsoft Visual Studio Solution File, Format Version 12.00
# Visual Studio Version 16
VisualStudioVersion = 16.0.33423.256
MinimumVisualStudioVersion = 10.0.40219.1
Project("{FAE04EC0-301F-11D3-BF4B-00C04F79EFBC}") = "Ex03.GarageLogic", "GarageLogic\Ex03.GarageLogic.csproj", "{745022C6-A8AE-4684-9170-480B74361212}"
EndProject
Project("{FAE04EC0-301F-11D3-BF4B-00C04F79EFBC}") = "Ex03.ConsoleUI", "Ex03.ConsoleUI\Ex03.ConsoleUI.csproj", "{B0651FC0-52DB-4A83-A6BE-70B4A0D71FC3}"
EndProject
Global
	GlobalSection(SolutionConfigurationPlatforms) = preSolution
		Debug|Any CPU = Debug|Any CPU
		Release|Any CPU = Release|Any CPU
	EndGlobalSection
	GlobalSection(ProjectConfigurationPlatforms) = postSolution
		{745022C6-A8AE-4684-9170-480B74361212}.Debug|Any CPU.ActiveCfg = Debug|Any CPU
		{745022C6-A8AE-4684-9170-480B74361212}.Debug|Any CPU.Build.0 = Debug|Any CPU
		{745022C6-A8AE-4684-9170-480B74361212}.Release|Any CPU.ActiveCfg = Release|Any CPU
		{745022C6-A8AE-4684-9170-480B74361212}.Release|Any CPU.Build.0 = Release|Any CPU
		{B0651FC0-52DB-4A83-A6BE-70B4A0D71FC3}.Debug|Any CPU.ActiveCfg = Debug|Any CPU
		{B0651FC0-52DB-4A83-A6BE-70B4A0D71FC3}.Debug|Any CPU.Build.0 = Debug|Any CPU
		{B0651FC0-52DB-4A83-A6BE-70B4A0D71FC3}.Release|Any CPU.ActiveCfg = Release|Any CPU
		{B0651FC0-52DB-4A83-A6BE-70B4A0D71FC3}.Release|Any CPU.Build.0 = Release|Any CPU
	EndGlobalSection
	GlobalSection(SolutionProperties) = preSolution
		HideSolutionNode = FALSE
	EndGlobalSection
	GlobalSection(ExtensibilityGlobals) = postSolution
		SolutionGuid = {84FB5CB5-D4D5-49F3-8C14-49B865FC248F}
	EndGlobalSection
EndGlobal
